
Microsoft Visual Studio Solution File, Format Version 12.00
# Visual Studio Version 17
VisualStudioVersion = 17.13.35931.197 d17.13
MinimumVisualStudioVersion = 10.0.40219.1
Project("{FAE04EC0-301F-11D3-BF4B-00C04F79EFBC}") = "Test01", "Test01.csproj", "{48EA0A50-07AC-451E-9709-3ED42EA08BD0}"
EndProject
Global
	GlobalSection(SolutionConfigurationPlatforms) = preSolution
		Debug|Any CPU = Debug|Any CPU
		Release|Any CPU = Release|Any CPU
	EndGlobalSection
	GlobalSection(ProjectConfigurationPlatforms) = postSolution
		{48EA0A50-07AC-451E-9709-3ED42EA08BD0}.Debug|Any CPU.ActiveCfg = Debug|Any CPU
		{48EA0A50-07AC-451E-9709-3ED42EA08BD0}.Debug|Any CPU.Build.0 = Debug|Any CPU
		{48EA0A50-07AC-451E-9709-3ED42EA08BD0}.Release|Any CPU.ActiveCfg = Release|Any CPU
		{48EA0A50-07AC-451E-9709-3ED42EA08BD0}.Release|Any CPU.Build.0 = Release|Any CPU
	EndGlobalSection
	GlobalSection(SolutionProperties) = preSolution
		HideSolutionNode = FALSE
	EndGlobalSection
	GlobalSection(ExtensibilityGlobals) = postSolution
		SolutionGuid = {3AB699DE-CE72-4E7C-AB36-00E45C9F7539}
	EndGlobalSection
EndGlobal
